
Microsoft Visual Studio Solution File, Format Version 12.00
# Visual Studio Version 16
VisualStudioVersion = 16.0.32106.194
MinimumVisualStudioVersion = 10.0.40219.1
Project("{FAE04EC0-301F-11D3-BF4B-00C04F79EFBC}") = "APLUS.UWP", "APLUS\APLUS.UWP\APLUS.UWP.csproj", "{5209E34E-E9C3-4656-877E-720FC51DADDE}"
EndProject
Project("{FAE04EC0-301F-11D3-BF4B-00C04F79EFBC}") = "APLUS.Android", "APLUS\APLUS.Android\APLUS.Android.csproj", "{61CCC3BD-A8D4-4E04-BAD5-AAB353151963}"
EndProject
Project("{FAE04EC0-301F-11D3-BF4B-00C04F79EFBC}") = "APLUS.iOS", "APLUS\APLUS.iOS\APLUS.iOS.csproj", "{F80BB81E-C67D-48FD-8ECE-0B3792312F9E}"
EndProject
Project("{FAE04EC0-301F-11D3-BF4B-00C04F79EFBC}") = "APLUS", "APLUS\APLUS\APLUS.csproj", "{29181605-E0AA-42C5-A921-CA5219642C51}"
EndProject
Global
	GlobalSection(SolutionConfigurationPlatforms) = preSolution
		Debug|Any CPU = Debug|Any CPU
		Debug|ARM = Debug|ARM
		Debug|iPhone = Debug|iPhone
		Debug|iPhoneSimulator = Debug|iPhoneSimulator
		Debug|x64 = Debug|x64
		Debug|x86 = Debug|x86
		Release|Any CPU = Release|Any CPU
		Release|ARM = Release|ARM
		Release|iPhone = Release|iPhone
		Release|iPhoneSimulator = Release|iPhoneSimulator
		Release|x64 = Release|x64
		Release|x86 = Release|x86
	EndGlobalSection
	GlobalSection(ProjectConfigurationPlatforms) = postSolution
		{5209E34E-E9C3-4656-877E-720FC51DADDE}.Debug|Any CPU.ActiveCfg = Debug|x86
		{5209E34E-E9C3-4656-877E-720FC51DADDE}.Debug|Any CPU.Build.0 = Debug|x86
		{5209E34E-E9C3-4656-877E-720FC51DADDE}.Debug|Any CPU.Deploy.0 = Debug|x86
		{5209E34E-E9C3-4656-877E-720FC51DADDE}.Debug|ARM.ActiveCfg = Debug|ARM
		{5209E34E-E9C3-4656-877E-720FC51DADDE}.Debug|ARM.Build.0 = Debug|ARM
		{5209E34E-E9C3-4656-877E-720FC51DADDE}.Debug|ARM.Deploy.0 = Debug|ARM
		{5209E34E-E9C3-4656-877E-720FC51DADDE}.Debug|iPhone.ActiveCfg = Debug|x86
		{5209E34E-E9C3-4656-877E-720FC51DADDE}.Debug|iPhone.Build.0 = Debug|x86
		{5209E34E-E9C3-4656-877E-720FC51DADDE}.Debug|iPhone.Deploy.0 = Debug|x86
		{5209E34E-E9C3-4656-877E-720FC51DADDE}.Debug|iPhoneSimulator.ActiveCfg = Debug|x86
		{5209E34E-E9C3-4656-877E-720FC51DADDE}.Debug|iPhoneSimulator.Build.0 = Debug|x86
		{5209E34E-E9C3-4656-877E-720FC51DADDE}.Debug|iPhoneSimulator.Deploy.0 = Debug|x86
		{5209E34E-E9C3-4656-877E-720FC51DADDE}.Debug|x64.ActiveCfg = Debug|x64
		{5209E34E-E9C3-4656-877E-720FC51DADDE}.Debug|x64.Build.0 = Debug|x64
		{5209E34E-E9C3-4656-877E-720FC51DADDE}.Debug|x64.Deploy.0 = Debug|x64
		{5209E34E-E9C3-4656-877E-720FC51DADDE}.Debug|x86.ActiveCfg = Debug|x86
		{5209E34E-E9C3-4656-877E-720FC51DADDE}.Debug|x86.Build.0 = Debug|x86
		{5209E34E-E9C3-4656-877E-720FC51DADDE}.Debug|x86.Deploy.0 = Debug|x86
		{5209E34E-E9C3-4656-877E-720FC51DADDE}.Release|Any CPU.ActiveCfg = Release|x86
		{5209E34E-E9C3-4656-877E-720FC51DADDE}.Release|Any CPU.Build.0 = Release|x86
		{5209E34E-E9C3-4656-877E-720FC51DADDE}.Release|Any CPU.Deploy.0 = Release|x86
		{5209E34E-E9C3-4656-877E-720FC51DADDE}.Release|ARM.ActiveCfg = Release|ARM
		{5209E34E-E9C3-4656-877E-720FC51DADDE}.Release|ARM.Build.0 = Release|ARM
		{5209E34E-E9C3-4656-877E-720FC51DADDE}.Release|ARM.Deploy.0 = Release|ARM
		{5209E34E-E9C3-4656-877E-720FC51DADDE}.Release|iPhone.ActiveCfg = Release|x86
		{5209E34E-E9C3-4656-877E-720FC51DADDE}.Release|iPhone.Build.0 = Release|x86
		{5209E34E-E9C3-4656-877E-720FC51DADDE}.Release|iPhone.Deploy.0 = Release|x86
		{5209E34E-E9C3-4656-877E-720FC51DADDE}.Release|iPhoneSimulator.ActiveCfg = Release|x86
		{5209E34E-E9C3-4656-877E-720FC51DADDE}.Release|iPhoneSimulator.Build.0 = Release|x86
		{5209E34E-E9C3-4656-877E-720FC51DADDE}.Release|iPhoneSimulator.Deploy.0 = Release|x86
		{5209E34E-E9C3-4656-877E-720FC51DADDE}.Release|x64.ActiveCfg = Release|x64
		{5209E34E-E9C3-4656-877E-720FC51DADDE}.Release|x64.Build.0 = Release|x64
		{5209E34E-E9C3-4656-877E-720FC51DADDE}.Release|x64.Deploy.0 = Release|x64
		{5209E34E-E9C3-4656-877E-720FC51DADDE}.Release|x86.ActiveCfg = Release|x86
		{5209E34E-E9C3-4656-877E-720FC51DADDE}.Release|x86.Build.0 = Release|x86
		{5209E34E-E9C3-4656-877E-720FC51DADDE}.Release|x86.Deploy.0 = Release|x86
		{61CCC3BD-A8D4-4E04-BAD5-AAB353151963}.Debug|Any CPU.ActiveCfg = Debug|Any CPU
		{61CCC3BD-A8D4-4E04-BAD5-AAB353151963}.Debug|Any CPU.Build.0 = Debug|Any CPU
		{61CCC3BD-A8D4-4E04-BAD5-AAB353151963}.Debug|Any CPU.Deploy.0 = Debug|Any CPU
		{61CCC3BD-A8D4-4E04-BAD5-AAB353151963}.Debug|ARM.ActiveCfg = Debug|Any CPU
		{61CCC3BD-A8D4-4E04-BAD5-AAB353151963}.Debug|ARM.Build.0 = Debug|Any CPU
		{61CCC3BD-A8D4-4E04-BAD5-AAB353151963}.Debug|ARM.Deploy.0 = Debug|Any CPU
		{61CCC3BD-A8D4-4E04-BAD5-AAB353151963}.Debug|iPhone.ActiveCfg = Debug|Any CPU
		{61CCC3BD-A8D4-4E04-BAD5-AAB353151963}.Debug|iPhone.Build.0 = Debug|Any CPU
		{61CCC3BD-A8D4-4E04-BAD5-AAB353151963}.Debug|iPhone.Deploy.0 = Debug|Any CPU
		{61CCC3BD-A8D4-4E04-BAD5-AAB353151963}.Debug|iPhoneSimulator.ActiveCfg = Debug|Any CPU
		{61CCC3BD-A8D4-4E04-BAD5-AAB353151963}.Debug|iPhoneSimulator.Build.0 = Debug|Any CPU
		{61CCC3BD-A8D4-4E04-BAD5-AAB353151963}.Debug|iPhoneSimulator.Deploy.0 = Debug|Any CPU
		{61CCC3BD-A8D4-4E04-BAD5-AAB353151963}.Debug|x64.ActiveCfg = Debug|Any CPU
		{61CCC3BD-A8D4-4E04-BAD5-AAB353151963}.Debug|x64.Build.0 = Debug|Any CPU
		{61CCC3BD-A8D4-4E04-BAD5-AAB353151963}.Debug|x64.Deploy.0 = Debug|Any CPU
		{61CCC3BD-A8D4-4E04-BAD5-AAB353151963}.Debug|x86.ActiveCfg = Debug|Any CPU
		{61CCC3BD-A8D4-4E04-BAD5-AAB353151963}.Debug|x86.Build.0 = Debug|Any CPU
		{61CCC3BD-A8D4-4E04-BAD5-AAB353151963}.Debug|x86.Deploy.0 = Debug|Any CPU
		{61CCC3BD-A8D4-4E04-BAD5-AAB353151963}.Release|Any CPU.ActiveCfg = Release|Any CPU
		{61CCC3BD-A8D4-4E04-BAD5-AAB353151963}.Release|Any CPU.Build.0 = Release|Any CPU
		{61CCC3BD-A8D4-4E04-BAD5-AAB353151963}.Release|Any CPU.Deploy.0 = Release|Any CPU
		{61CCC3BD-A8D4-4E04-BAD5-AAB353151963}.Release|ARM.ActiveCfg = Release|Any CPU
		{61CCC3BD-A8D4-4E04-BAD5-AAB353151963}.Release|ARM.Build.0 = Release|Any CPU
		{61CCC3BD-A8D4-4E04-BAD5-AAB353151963}.Release|ARM.Deploy.0 = Release|Any CPU
		{61CCC3BD-A8D4-4E04-BAD5-AAB353151963}.Release|iPhone.ActiveCfg = Release|Any CPU
		{61CCC3BD-A8D4-4E04-BAD5-AAB353151963}.Release|iPhone.Build.0 = Release|Any CPU
		{61CCC3BD-A8D4-4E04-BAD5-AAB353151963}.Release|iPhone.Deploy.0 = Release|Any CPU
		{61CCC3BD-A8D4-4E04-BAD5-AAB353151963}.Release|iPhoneSimulator.ActiveCfg = Release|Any CPU
		{61CCC3BD-A8D4-4E04-BAD5-AAB353151963}.Release|iPhoneSimulator.Build.0 = Release|Any CPU
		{61CCC3BD-A8D4-4E04-BAD5-AAB353151963}.Release|iPhoneSimulator.Deploy.0 = Release|Any CPU
		{61CCC3BD-A8D4-4E04-BAD5-AAB353151963}.Release|x64.ActiveCfg = Release|Any CPU
		{61CCC3BD-A8D4-4E04-BAD5-AAB353151963}.Release|x64.Build.0 = Release|Any CPU
		{61CCC3BD-A8D4-4E04-BAD5-AAB353151963}.Release|x64.Deploy.0 = Release|Any CPU
		{61CCC3BD-A8D4-4E04-BAD5-AAB353151963}.Release|x86.ActiveCfg = Release|Any CPU
		{61CCC3BD-A8D4-4E04-BAD5-AAB353151963}.Release|x86.Build.0 = Release|Any CPU
		{61CCC3BD-A8D4-4E04-BAD5-AAB353151963}.Release|x86.Deploy.0 = Release|Any CPU
		{F80BB81E-C67D-48FD-8ECE-0B3792312F9E}.Debug|Any CPU.ActiveCfg = Debug|iPhoneSimulator
		{F80BB81E-C67D-48FD-8ECE-0B3792312F9E}.Debug|Any CPU.Build.0 = Debug|iPhoneSimulator
		{F80BB81E-C67D-48FD-8ECE-0B3792312F9E}.Debug|Any CPU.Deploy.0 = Debug|iPhoneSimulator
		{F80BB81E-C67D-48FD-8ECE-0B3792312F9E}.Debug|ARM.ActiveCfg = Debug|iPhone
		{F80BB81E-C67D-48FD-8ECE-0B3792312F9E}.Debug|ARM.Build.0 = Debug|iPhone
		{F80BB81E-C67D-48FD-8ECE-0B3792312F9E}.Debug|ARM.Deploy.0 = Debug|iPhone
		{F80BB81E-C67D-48FD-8ECE-0B3792312F9E}.Debug|iPhone.ActiveCfg = Debug|iPhone
		{F80BB81E-C67D-48FD-8ECE-0B3792312F9E}.Debug|iPhone.Build.0 = Debug|iPhone
		{F80BB81E-C67D-48FD-8ECE-0B3792312F9E}.Debug|iPhone.Deploy.0 = Debug|iPhone
		{F80BB81E-C67D-48FD-8ECE-0B3792312F9E}.Debug|iPhoneSimulator.ActiveCfg = Debug|iPhoneSimulator
		{F80BB81E-C67D-48FD-8ECE-0B3792312F9E}.Debug|iPhoneSimulator.Build.0 = Debug|iPhoneSimulator
		{F80BB81E-C67D-48FD-8ECE-0B3792312F9E}.Debug|iPhoneSimulator.Deploy.0 = Debug|iPhoneSimulator
		{F80BB81E-C67D-48FD-8ECE-0B3792312F9E}.Debug|x64.ActiveCfg = Debug|iPhoneSimulator
		{F80BB81E-C67D-48FD-8ECE-0B3792312F9E}.Debug|x64.Build.0 = Debug|iPhoneSimulator
		{F80BB81E-C67D-48FD-8ECE-0B3792312F9E}.Debug|x64.Deploy.0 = Debug|iPhoneSimulator
		{F80BB81E-C67D-48FD-8ECE-0B3792312F9E}.Debug|x86.ActiveCfg = Debug|iPhoneSimulator
		{F80BB81E-C67D-48FD-8ECE-0B3792312F9E}.Debug|x86.Build.0 = Debug|iPhoneSimulator
		{F80BB81E-C67D-48FD-8ECE-0B3792312F9E}.Debug|x86.Deploy.0 = Debug|iPhoneSimulator
		{F80BB81E-C67D-48FD-8ECE-0B3792312F9E}.Release|Any CPU.ActiveCfg = Release|iPhoneSimulator
		{F80BB81E-C67D-48FD-8ECE-0B3792312F9E}.Release|Any CPU.Build.0 = Release|iPhoneSimulator
		{F80BB81E-C67D-48FD-8ECE-0B3792312F9E}.Release|Any CPU.Deploy.0 = Release|iPhoneSimulator
		{F80BB81E-C67D-48FD-8ECE-0B3792312F9E}.Release|ARM.ActiveCfg = Release|iPhoneSimulator
		{F80BB81E-C67D-48FD-8ECE-0B3792312F9E}.Release|ARM.Build.0 = Release|iPhoneSimulator
		{F80BB81E-C67D-48FD-8ECE-0B3792312F9E}.Release|ARM.Deploy.0 = Release|iPhoneSimulator
		{F80BB81E-C67D-48FD-8ECE-0B3792312F9E}.Release|iPhone.ActiveCfg = Release|iPhone
		{F80BB81E-C67D-48FD-8ECE-0B3792312F9E}.Release|iPhone.Build.0 = Release|iPhone
		{F80BB81E-C67D-48FD-8ECE-0B3792312F9E}.Release|iPhone.Deploy.0 = Release|iPhone
		{F80BB81E-C67D-48FD-8ECE-0B3792312F9E}.Release|iPhoneSimulator.ActiveCfg = Release|iPhoneSimulator
		{F80BB81E-C67D-48FD-8ECE-0B3792312F9E}.Release|iPhoneSimulator.Build.0 = Release|iPhoneSimulator
		{F80BB81E-C67D-48FD-8ECE-0B3792312F9E}.Release|iPhoneSimulator.Deploy.0 = Release|iPhoneSimulator
		{F80BB81E-C67D-48FD-8ECE-0B3792312F9E}.Release|x64.ActiveCfg = Release|iPhoneSimulator
		{F80BB81E-C67D-48FD-8ECE-0B3792312F9E}.Release|x64.Build.0 = Release|iPhoneSimulator
		{F80BB81E-C67D-48FD-8ECE-0B3792312F9E}.Release|x64.Deploy.0 = Release|iPhoneSimulator
		{F80BB81E-C67D-48FD-8ECE-0B3792312F9E}.Release|x86.ActiveCfg = Release|iPhoneSimulator
		{F80BB81E-C67D-48FD-8ECE-0B3792312F9E}.Release|x86.Build.0 = Release|iPhoneSimulator
		{F80BB81E-C67D-48FD-8ECE-0B3792312F9E}.Release|x86.Deploy.0 = Release|iPhoneSimulator
		{29181605-E0AA-42C5-A921-CA5219642C51}.Debug|Any CPU.ActiveCfg = Debug|Any CPU
		{29181605-E0AA-42C5-A921-CA5219642C51}.Debug|Any CPU.Build.0 = Debug|Any CPU
		{29181605-E0AA-42C5-A921-CA5219642C51}.Debug|Any CPU.Deploy.0 = Debug|Any CPU
		{29181605-E0AA-42C5-A921-CA5219642C51}.Debug|ARM.ActiveCfg = Debug|Any CPU
		{29181605-E0AA-42C5-A921-CA5219642C51}.Debug|ARM.Build.0 = Debug|Any CPU
		{29181605-E0AA-42C5-A921-CA5219642C51}.Debug|ARM.Deploy.0 = Debug|Any CPU
		{29181605-E0AA-42C5-A921-CA5219642C51}.Debug|iPhone.ActiveCfg = Debug|Any CPU
		{29181605-E0AA-42C5-A921-CA5219642C51}.Debug|iPhone.Build.0 = Debug|Any CPU
		{29181605-E0AA-42C5-A921-CA5219642C51}.Debug|iPhone.Deploy.0 = Debug|Any CPU
		{29181605-E0AA-42C5-A921-CA5219642C51}.Debug|iPhoneSimulator.ActiveCfg = Debug|Any CPU
		{29181605-E0AA-42C5-A921-CA5219642C51}.Debug|iPhoneSimulator.Build.0 = Debug|Any CPU
		{29181605-E0AA-42C5-A921-CA5219642C51}.Debug|iPhoneSimulator.Deploy.0 = Debug|Any CPU
		{29181605-E0AA-42C5-A921-CA5219642C51}.Debug|x64.ActiveCfg = Debug|Any CPU
		{29181605-E0AA-42C5-A921-CA5219642C51}.Debug|x64.Build.0 = Debug|Any CPU
		{29181605-E0AA-42C5-A921-CA5219642C51}.Debug|x64.Deploy.0 = Debug|Any CPU
		{29181605-E0AA-42C5-A921-CA5219642C51}.Debug|x86.ActiveCfg = Debug|Any CPU
		{29181605-E0AA-42C5-A921-CA5219642C51}.Debug|x86.Build.0 = Debug|Any CPU
		{29181605-E0AA-42C5-A921-CA5219642C51}.Debug|x86.Deploy.0 = Debug|Any CPU
		{29181605-E0AA-42C5-A921-CA5219642C51}.Release|Any CPU.ActiveCfg = Release|Any CPU
		{29181605-E0AA-42C5-A921-CA5219642C51}.Release|Any CPU.Build.0 = Release|Any CPU
		{29181605-E0AA-42C5-A921-CA5219642C51}.Release|Any CPU.Deploy.0 = Release|Any CPU
		{29181605-E0AA-42C5-A921-CA5219642C51}.Release|ARM.ActiveCfg = Release|Any CPU
		{29181605-E0AA-42C5-A921-CA5219642C51}.Release|ARM.Build.0 = Release|Any CPU
		{29181605-E0AA-42C5-A921-CA5219642C51}.Release|ARM.Deploy.0 = Release|Any CPU
		{29181605-E0AA-42C5-A921-CA5219642C51}.Release|iPhone.ActiveCfg = Release|Any CPU
		{29181605-E0AA-42C5-A921-CA5219642C51}.Release|iPhone.Build.0 = Release|Any CPU
		{29181605-E0AA-42C5-A921-CA5219642C51}.Release|iPhone.Deploy.0 = Release|Any CPU
		{29181605-E0AA-42C5-A921-CA5219642C51}.Release|iPhoneSimulator.ActiveCfg = Release|Any CPU
		{29181605-E0AA-42C5-A921-CA5219642C51}.Release|iPhoneSimulator.Build.0 = Release|Any CPU
		{29181605-E0AA-42C5-A921-CA5219642C51}.Release|iPhoneSimulator.Deploy.0 = Release|Any CPU
		{29181605-E0AA-42C5-A921-CA5219642C51}.Release|x64.ActiveCfg = Release|Any CPU
		{29181605-E0AA-42C5-A921-CA5219642C51}.Release|x64.Build.0 = Release|Any CPU
		{29181605-E0AA-42C5-A921-CA5219642C51}.Release|x64.Deploy.0 = Release|Any CPU
		{29181605-E0AA-42C5-A921-CA5219642C51}.Release|x86.ActiveCfg = Release|Any CPU
		{29181605-E0AA-42C5-A921-CA5219642C51}.Release|x86.Build.0 = Release|Any CPU
		{29181605-E0AA-42C5-A921-CA5219642C51}.Release|x86.Deploy.0 = Release|Any CPU
	EndGlobalSection
	GlobalSection(SolutionProperties) = preSolution
		HideSolutionNode = FALSE
	EndGlobalSection
	GlobalSection(ExtensibilityGlobals) = postSolution
		SolutionGuid = {FBBA939F-366B-4DB3-8221-204F79CD5979}
	EndGlobalSection
EndGlobal
